// !$*UTF8*$!
{
	archiveVersion = 1;
	classes = {
	};
	objectVersion = 46;
	objects = {

/* Begin PBXBuildFile section */
		97050EB61E82A28400B410AA /* test.jpg in Resources */ = {isa = PBXBuildFile; fileRef = 97050EB51E82A28400B410AA /* test.jpg */; };
		973EDFAF1D93B49700DAA468 /* main.m in Sources */ = {isa = PBXBuildFile; fileRef = 973EDFAE1D93B49700DAA468 /* main.m */; };
		973EDFB21D93B49700DAA468 /* AppDelegate.m in Sources */ = {isa = PBXBuildFile; fileRef = 973EDFB11D93B49700DAA468 /* AppDelegate.m */; };
		973EDFBA1D93B49700DAA468 /* Assets.xcassets in Resources */ = {isa = PBXBuildFile; fileRef = 973EDFB91D93B49700DAA468 /* Assets.xcassets */; };
		973EDFCD1D93B75200DAA468 /* ViewController.m in Sources */ = {isa = PBXBuildFile; fileRef = 973EDFC91D93B75200DAA468 /* ViewController.m */; };
		973EDFD31D93C0EE00DAA468 /* GACameraViewController.m in Sources */ = {isa = PBXBuildFile; fileRef = 973EDFD21D93C0EE00DAA468 /* GACameraViewController.m */; };
		973EDFD91D93C5DE00DAA468 /* flashlight@2x.png in Resources */ = {isa = PBXBuildFile; fileRef = 973EDFD51D93C5DE00DAA468 /* flashlight@2x.png */; };
		973EDFDA1D93C5DE00DAA468 /* flashlight@3x.png in Resources */ = {isa = PBXBuildFile; fileRef = 973EDFD61D93C5DE00DAA468 /* flashlight@3x.png */; };
		973EDFDB1D93C5DE00DAA468 /* whiteback@2x.png in Resources */ = {isa = PBXBuildFile; fileRef = 973EDFD71D93C5DE00DAA468 /* whiteback@2x.png */; };
		973EDFDC1D93C5DE00DAA468 /* whiteback@3x.png in Resources */ = {isa = PBXBuildFile; fileRef = 973EDFD81D93C5DE00DAA468 /* whiteback@3x.png */; };
		973EDFDF1D93CFFA00DAA468 /* camera_nomal@2x.png in Resources */ = {isa = PBXBuildFile; fileRef = 973EDFDD1D93CFFA00DAA468 /* camera_nomal@2x.png */; };
		973EDFE01D93CFFA00DAA468 /* camera_nomal@3x.png in Resources */ = {isa = PBXBuildFile; fileRef = 973EDFDE1D93CFFA00DAA468 /* camera_nomal@3x.png */; };
		974646DA1DC5DC60008679BA /* GAWelcomeViewController.m in Sources */ = {isa = PBXBuildFile; fileRef = 974646D91DC5DC60008679BA /* GAWelcomeViewController.m */; };
		974646DE1DC5DCB9008679BA /* GAWelcome.m in Sources */ = {isa = PBXBuildFile; fileRef = 974646DD1DC5DCB9008679BA /* GAWelcome.m */; };
		974646E11DC5DE45008679BA /* snow.png in Resources */ = {isa = PBXBuildFile; fileRef = 974646E01DC5DE45008679BA /* snow.png */; };
		975B0A6B1F7D3CB00081775C /* GAImageFilterHandle.m in Sources */ = {isa = PBXBuildFile; fileRef = 975B0A6A1F7D3CB00081775C /* GAImageFilterHandle.m */; };
		975B0A6E1F7D41150081775C /* GABoxBlurFilterModel.m in Sources */ = {isa = PBXBuildFile; fileRef = 975B0A6D1F7D41150081775C /* GABoxBlurFilterModel.m */; };
		975B0A711F7D418B0081775C /* GAMotionBlurFileterModel.m in Sources */ = {isa = PBXBuildFile; fileRef = 975B0A701F7D418B0081775C /* GAMotionBlurFileterModel.m */; };
		976CE3CB1E1203C000D4E203 /* snowbg.jpg in Resources */ = {isa = PBXBuildFile; fileRef = 976CE3CA1E1203C000D4E203 /* snowbg.jpg */; };
		976CE3CF1E12103100D4E203 /* spring.jpg in Resources */ = {isa = PBXBuildFile; fileRef = 976CE3CC1E12103100D4E203 /* spring.jpg */; };
		976CE3D01E12103100D4E203 /* summer.jpg in Resources */ = {isa = PBXBuildFile; fileRef = 976CE3CD1E12103100D4E203 /* summer.jpg */; };
		976CE3D11E12103100D4E203 /* autumn.jpg in Resources */ = {isa = PBXBuildFile; fileRef = 976CE3CE1E12103100D4E203 /* autumn.jpg */; };
		977BCDD61F2F7528007CBD97 /* UIView+GAView.m in Sources */ = {isa = PBXBuildFile; fileRef = 977BCDD51F2F7528007CBD97 /* UIView+GAView.m */; };
		977BCDD91F2F768D007CBD97 /* GAClectionView.m in Sources */ = {isa = PBXBuildFile; fileRef = 977BCDD81F2F768D007CBD97 /* GAClectionView.m */; };
		977E31481DAB788400F923A1 /* GAPhotosHandleViewController.m in Sources */ = {isa = PBXBuildFile; fileRef = 977E31471DAB788400F923A1 /* GAPhotosHandleViewController.m */; };
		977E314E1DAB8A5B00F923A1 /* QuartzCore.framework in Frameworks */ = {isa = PBXBuildFile; fileRef = 977E314D1DAB8A5B00F923A1 /* QuartzCore.framework */; };
		977E31501DAB8A6100F923A1 /* AVFoundation.framework in Frameworks */ = {isa = PBXBuildFile; fileRef = 977E314F1DAB8A6100F923A1 /* AVFoundation.framework */; };
		977E31521DAB8A6A00F923A1 /* OpenGLES.framework in Frameworks */ = {isa = PBXBuildFile; fileRef = 977E31511DAB8A6A00F923A1 /* OpenGLES.framework */; };
		977E31541DAB8A7800F923A1 /* CoreVideo.framework in Frameworks */ = {isa = PBXBuildFile; fileRef = 977E31531DAB8A7800F923A1 /* CoreVideo.framework */; };
		977E31561DAB8A8000F923A1 /* CoreMedia.framework in Frameworks */ = {isa = PBXBuildFile; fileRef = 977E31551DAB8A8000F923A1 /* CoreMedia.framework */; };
		97A45A761DA7E83100DBED11 /* UIImage+GALibrary.m in Sources */ = {isa = PBXBuildFile; fileRef = 97A45A751DA7E83000DBED11 /* UIImage+GALibrary.m */; };
		97B4F39D1F70A292006FF152 /* GAImageEditView.m in Sources */ = {isa = PBXBuildFile; fileRef = 97B4F39C1F70A292006FF152 /* GAImageEditView.m */; };
		97B4F3A01F725393006FF152 /* CustomAlertView.m in Sources */ = {isa = PBXBuildFile; fileRef = 97B4F39F1F725393006FF152 /* CustomAlertView.m */; };
		97B4F3A51F7253F1006FF152 /* NSString+Wrapper.m in Sources */ = {isa = PBXBuildFile; fileRef = 97B4F3A21F7253F1006FF152 /* NSString+Wrapper.m */; };
		97B4F3A61F7253F1006FF152 /* StringUtils.m in Sources */ = {isa = PBXBuildFile; fileRef = 97B4F3A41F7253F1006FF152 /* StringUtils.m */; };
		97B86DE11DCC926000BA7D9E /* mask.png in Resources */ = {isa = PBXBuildFile; fileRef = 97B86DE01DCC926000BA7D9E /* mask.png */; };
		97C8F14C1F0C773900A6360C /* GACameraBaseFilterModel.m in Sources */ = {isa = PBXBuildFile; fileRef = 97C8F14B1F0C773900A6360C /* GACameraBaseFilterModel.m */; };
		97C8F14F1F0C7E4200A6360C /* GAMaskInstance.m in Sources */ = {isa = PBXBuildFile; fileRef = 97C8F14E1F0C7E4200A6360C /* GAMaskInstance.m */; };
		97C8F1521F0C8F1E00A6360C /* GABlurView.m in Sources */ = {isa = PBXBuildFile; fileRef = 97C8F1511F0C8F1E00A6360C /* GABlurView.m */; };
		97C8F1551F0C935800A6360C /* GACustomerSlider.m in Sources */ = {isa = PBXBuildFile; fileRef = 97C8F1541F0C935800A6360C /* GACustomerSlider.m */; };
		97EAF3051F0B8911007A7D72 /* GAEffectView.m in Sources */ = {isa = PBXBuildFile; fileRef = 97EAF3041F0B8911007A7D72 /* GAEffectView.m */; };
		97EAF3071F0B8DF7007A7D72 /* nomal.jpg in Resources */ = {isa = PBXBuildFile; fileRef = 97EAF3061F0B8DF7007A7D72 /* nomal.jpg */; };
		97EF0EE61D951EF90025DCAF /* CIImage+DectorUtils.m in Sources */ = {isa = PBXBuildFile; fileRef = 97EF0EDF1D951EF90025DCAF /* CIImage+DectorUtils.m */; };
		97EF0EE71D951EF90025DCAF /* CIImage+ImageUtils.m in Sources */ = {isa = PBXBuildFile; fileRef = 97EF0EE11D951EF90025DCAF /* CIImage+ImageUtils.m */; };
		97EF0EE81D951EF90025DCAF /* UIImage+DectorUtils.m in Sources */ = {isa = PBXBuildFile; fileRef = 97EF0EE31D951EF90025DCAF /* UIImage+DectorUtils.m */; };
		97EF0EE91D951EF90025DCAF /* UIImage+ImageUtils.m in Sources */ = {isa = PBXBuildFile; fileRef = 97EF0EE51D951EF90025DCAF /* UIImage+ImageUtils.m */; };
		97F2BD471F6BC00600E461C7 /* GAGuessBlurFileterModel.m in Sources */ = {isa = PBXBuildFile; fileRef = 97F2BD461F6BC00600E461C7 /* GAGuessBlurFileterModel.m */; };
		97F2BD4A1F6CB74500E461C7 /* UIImage+Utils.m in Sources */ = {isa = PBXBuildFile; fileRef = 97F2BD491F6CB74500E461C7 /* UIImage+Utils.m */; };
		97F730801E7BDD6A006AF313 /* GPUImageBeautifyFilter.m in Sources */ = {isa = PBXBuildFile; fileRef = 97F7307F1E7BDD6A006AF313 /* GPUImageBeautifyFilter.m */; };
		97F730831E7BE65A006AF313 /* GAGPUCameraViewController.m in Sources */ = {isa = PBXBuildFile; fileRef = 97F730821E7BE65A006AF313 /* GAGPUCameraViewController.m */; };
		97F730861E7BEA62006AF313 /* cameraIcon@2x.png in Resources */ = {isa = PBXBuildFile; fileRef = 97F730841E7BEA62006AF313 /* cameraIcon@2x.png */; };
		97F730871E7BEA62006AF313 /* cameraIcon@3x.png in Resources */ = {isa = PBXBuildFile; fileRef = 97F730851E7BEA62006AF313 /* cameraIcon@3x.png */; };
		9DF779542251EA4F00ED0B69 /* GABaseViewController.m in Sources */ = {isa = PBXBuildFile; fileRef = 9DF779532251EA4F00ED0B69 /* GABaseViewController.m */; };
		C71EE70EE5F333CE28A22157 /* libPods-Honey.a in Frameworks */ = {isa = PBXBuildFile; fileRef = FDA93554D2D77CDFA7C165A9 /* libPods-Honey.a */; };
/* End PBXBuildFile section */

/* Begin PBXFileReference section */
		97050EB51E82A28400B410AA /* test.jpg */ = {isa = PBXFileReference; lastKnownFileType = image.jpeg; path = test.jpg; sourceTree = "<group>"; };
		973EDFAA1D93B49700DAA468 /* Honey.app */ = {isa = PBXFileReference; explicitFileType = wrapper.application; includeInIndex = 0; path = Honey.app; sourceTree = BUILT_PRODUCTS_DIR; };
		973EDFAE1D93B49700DAA468 /* main.m */ = {isa = PBXFileReference; lastKnownFileType = sourcecode.c.objc; path = main.m; sourceTree = "<group>"; };
		973EDFB01D93B49700DAA468 /* AppDelegate.h */ = {isa = PBXFileReference; lastKnownFileType = sourcecode.c.h; path = AppDelegate.h; sourceTree = "<group>"; };
		973EDFB11D93B49700DAA468 /* AppDelegate.m */ = {isa = PBXFileReference; lastKnownFileType = sourcecode.c.objc; path = AppDelegate.m; sourceTree = "<group>"; };
		973EDFB91D93B49700DAA468 /* Assets.xcassets */ = {isa = PBXFileReference; lastKnownFileType = folder.assetcatalog; path = Assets.xcassets; sourceTree = "<group>"; };
		973EDFBE1D93B49700DAA468 /* Info.plist */ = {isa = PBXFileReference; lastKnownFileType = text.plist.xml; path = Info.plist; sourceTree = "<group>"; };
		973EDFC81D93B75200DAA468 /* ViewController.h */ = {isa = PBXFileReference; fileEncoding = 4; lastKnownFileType = sourcecode.c.h; path = ViewController.h; sourceTree = "<group>"; };
		973EDFC91D93B75200DAA468 /* ViewController.m */ = {isa = PBXFileReference; fileEncoding = 4; lastKnownFileType = sourcecode.c.objc; path = ViewController.m; sourceTree = "<group>"; };
		973EDFCF1D93B86000DAA468 /* PrefixHeader.pch */ = {isa = PBXFileReference; lastKnownFileType = sourcecode.c.h; path = PrefixHeader.pch; sourceTree = "<group>"; };
		973EDFD11D93C0EE00DAA468 /* GACameraViewController.h */ = {isa = PBXFileReference; fileEncoding = 4; lastKnownFileType = sourcecode.c.h; path = GACameraViewController.h; sourceTree = "<group>"; };
		973EDFD21D93C0EE00DAA468 /* GACameraViewController.m */ = {isa = PBXFileReference; fileEncoding = 4; lastKnownFileType = sourcecode.c.objc; path = GACameraViewController.m; sourceTree = "<group>"; };
		973EDFD51D93C5DE00DAA468 /* flashlight@2x.png */ = {isa = PBXFileReference; lastKnownFileType = image.png; path = "flashlight@2x.png"; sourceTree = "<group>"; };
		973EDFD61D93C5DE00DAA468 /* flashlight@3x.png */ = {isa = PBXFileReference; lastKnownFileType = image.png; path = "flashlight@3x.png"; sourceTree = "<group>"; };
		973EDFD71D93C5DE00DAA468 /* whiteback@2x.png */ = {isa = PBXFileReference; lastKnownFileType = image.png; path = "whiteback@2x.png"; sourceTree = "<group>"; };
		973EDFD81D93C5DE00DAA468 /* whiteback@3x.png */ = {isa = PBXFileReference; lastKnownFileType = image.png; path = "whiteback@3x.png"; sourceTree = "<group>"; };
		973EDFDD1D93CFFA00DAA468 /* camera_nomal@2x.png */ = {isa = PBXFileReference; lastKnownFileType = image.png; path = "camera_nomal@2x.png"; sourceTree = "<group>"; };
		973EDFDE1D93CFFA00DAA468 /* camera_nomal@3x.png */ = {isa = PBXFileReference; lastKnownFileType = image.png; path = "camera_nomal@3x.png"; sourceTree = "<group>"; };
		974646D81DC5DC60008679BA /* GAWelcomeViewController.h */ = {isa = PBXFileReference; fileEncoding = 4; lastKnownFileType = sourcecode.c.h; path = GAWelcomeViewController.h; sourceTree = "<group>"; };
		974646D91DC5DC60008679BA /* GAWelcomeViewController.m */ = {isa = PBXFileReference; fileEncoding = 4; lastKnownFileType = sourcecode.c.objc; path = GAWelcomeViewController.m; sourceTree = "<group>"; };
		974646DC1DC5DCB9008679BA /* GAWelcome.h */ = {isa = PBXFileReference; fileEncoding = 4; lastKnownFileType = sourcecode.c.h; path = GAWelcome.h; sourceTree = "<group>"; };
		974646DD1DC5DCB9008679BA /* GAWelcome.m */ = {isa = PBXFileReference; fileEncoding = 4; lastKnownFileType = sourcecode.c.objc; path = GAWelcome.m; sourceTree = "<group>"; };
		974646E01DC5DE45008679BA /* snow.png */ = {isa = PBXFileReference; lastKnownFileType = image.png; path = snow.png; sourceTree = "<group>"; };
		975B0A691F7D3CB00081775C /* GAImageFilterHandle.h */ = {isa = PBXFileReference; fileEncoding = 4; lastKnownFileType = sourcecode.c.h; path = GAImageFilterHandle.h; sourceTree = "<group>"; };
		975B0A6A1F7D3CB00081775C /* GAImageFilterHandle.m */ = {isa = PBXFileReference; fileEncoding = 4; lastKnownFileType = sourcecode.c.objc; path = GAImageFilterHandle.m; sourceTree = "<group>"; };
		975B0A6C1F7D41150081775C /* GABoxBlurFilterModel.h */ = {isa = PBXFileReference; fileEncoding = 4; lastKnownFileType = sourcecode.c.h; path = GABoxBlurFilterModel.h; sourceTree = "<group>"; };
		975B0A6D1F7D41150081775C /* GABoxBlurFilterModel.m */ = {isa = PBXFileReference; fileEncoding = 4; lastKnownFileType = sourcecode.c.objc; path = GABoxBlurFilterModel.m; sourceTree = "<group>"; };
		975B0A6F1F7D418B0081775C /* GAMotionBlurFileterModel.h */ = {isa = PBXFileReference; fileEncoding = 4; lastKnownFileType = sourcecode.c.h; path = GAMotionBlurFileterModel.h; sourceTree = "<group>"; };
		975B0A701F7D418B0081775C /* GAMotionBlurFileterModel.m */ = {isa = PBXFileReference; fileEncoding = 4; lastKnownFileType = sourcecode.c.objc; path = GAMotionBlurFileterModel.m; sourceTree = "<group>"; };
		975B0A721F7D42050081775C /* FilerNameUntil.h */ = {isa = PBXFileReference; lastKnownFileType = sourcecode.c.h; path = FilerNameUntil.h; sourceTree = "<group>"; };
		976CE3CA1E1203C000D4E203 /* snowbg.jpg */ = {isa = PBXFileReference; lastKnownFileType = image.jpeg; path = snowbg.jpg; sourceTree = "<group>"; };
		976CE3CC1E12103100D4E203 /* spring.jpg */ = {isa = PBXFileReference; lastKnownFileType = image.jpeg; path = spring.jpg; sourceTree = "<group>"; };
		976CE3CD1E12103100D4E203 /* summer.jpg */ = {isa = PBXFileReference; lastKnownFileType = image.jpeg; path = summer.jpg; sourceTree = "<group>"; };
		976CE3CE1E12103100D4E203 /* autumn.jpg */ = {isa = PBXFileReference; lastKnownFileType = image.jpeg; path = autumn.jpg; sourceTree = "<group>"; };
		977BCDD41F2F7528007CBD97 /* UIView+GAView.h */ = {isa = PBXFileReference; fileEncoding = 4; lastKnownFileType = sourcecode.c.h; path = "UIView+GAView.h"; sourceTree = "<group>"; };
		977BCDD51F2F7528007CBD97 /* UIView+GAView.m */ = {isa = PBXFileReference; fileEncoding = 4; lastKnownFileType = sourcecode.c.objc; path = "UIView+GAView.m"; sourceTree = "<group>"; };
		977BCDD71F2F768D007CBD97 /* GAClectionView.h */ = {isa = PBXFileReference; fileEncoding = 4; lastKnownFileType = sourcecode.c.h; path = GAClectionView.h; sourceTree = "<group>"; };
		977BCDD81F2F768D007CBD97 /* GAClectionView.m */ = {isa = PBXFileReference; fileEncoding = 4; lastKnownFileType = sourcecode.c.objc; path = GAClectionView.m; sourceTree = "<group>"; };
		977E31461DAB788400F923A1 /* GAPhotosHandleViewController.h */ = {isa = PBXFileReference; fileEncoding = 4; lastKnownFileType = sourcecode.c.h; path = GAPhotosHandleViewController.h; sourceTree = "<group>"; };
		977E31471DAB788400F923A1 /* GAPhotosHandleViewController.m */ = {isa = PBXFileReference; fileEncoding = 4; lastKnownFileType = sourcecode.c.objc; path = GAPhotosHandleViewController.m; sourceTree = "<group>"; };
		977E31491DAB79C400F923A1 /* love.jpg */ = {isa = PBXFileReference; lastKnownFileType = image.jpeg; path = love.jpg; sourceTree = "<group>"; };
		977E314D1DAB8A5B00F923A1 /* QuartzCore.framework */ = {isa = PBXFileReference; lastKnownFileType = wrapper.framework; name = QuartzCore.framework; path = System/Library/Frameworks/QuartzCore.framework; sourceTree = SDKROOT; };
		977E314F1DAB8A6100F923A1 /* AVFoundation.framework */ = {isa = PBXFileReference; lastKnownFileType = wrapper.framework; name = AVFoundation.framework; path = System/Library/Frameworks/AVFoundation.framework; sourceTree = SDKROOT; };
		977E31511DAB8A6A00F923A1 /* OpenGLES.framework */ = {isa = PBXFileReference; lastKnownFileType = wrapper.framework; name = OpenGLES.framework; path = System/Library/Frameworks/OpenGLES.framework; sourceTree = SDKROOT; };
		977E31531DAB8A7800F923A1 /* CoreVideo.framework */ = {isa = PBXFileReference; lastKnownFileType = wrapper.framework; name = CoreVideo.framework; path = System/Library/Frameworks/CoreVideo.framework; sourceTree = SDKROOT; };
		977E31551DAB8A8000F923A1 /* CoreMedia.framework */ = {isa = PBXFileReference; lastKnownFileType = wrapper.framework; name = CoreMedia.framework; path = System/Library/Frameworks/CoreMedia.framework; sourceTree = SDKROOT; };
		97A45A741DA7E83000DBED11 /* UIImage+GALibrary.h */ = {isa = PBXFileReference; fileEncoding = 4; lastKnownFileType = sourcecode.c.h; path = "UIImage+GALibrary.h"; sourceTree = "<group>"; };
		97A45A751DA7E83000DBED11 /* UIImage+GALibrary.m */ = {isa = PBXFileReference; fileEncoding = 4; lastKnownFileType = sourcecode.c.objc; path = "UIImage+GALibrary.m"; sourceTree = "<group>"; };
		97B4F39B1F70A292006FF152 /* GAImageEditView.h */ = {isa = PBXFileReference; fileEncoding = 4; lastKnownFileType = sourcecode.c.h; path = GAImageEditView.h; sourceTree = "<group>"; };
		97B4F39C1F70A292006FF152 /* GAImageEditView.m */ = {isa = PBXFileReference; fileEncoding = 4; lastKnownFileType = sourcecode.c.objc; path = GAImageEditView.m; sourceTree = "<group>"; };
		97B4F39E1F725393006FF152 /* CustomAlertView.h */ = {isa = PBXFileReference; fileEncoding = 4; lastKnownFileType = sourcecode.c.h; path = CustomAlertView.h; sourceTree = "<group>"; };
		97B4F39F1F725393006FF152 /* CustomAlertView.m */ = {isa = PBXFileReference; fileEncoding = 4; lastKnownFileType = sourcecode.c.objc; path = CustomAlertView.m; sourceTree = "<group>"; };
		97B4F3A11F7253F1006FF152 /* NSString+Wrapper.h */ = {isa = PBXFileReference; fileEncoding = 4; lastKnownFileType = sourcecode.c.h; path = "NSString+Wrapper.h"; sourceTree = "<group>"; };
		97B4F3A21F7253F1006FF152 /* NSString+Wrapper.m */ = {isa = PBXFileReference; fileEncoding = 4; lastKnownFileType = sourcecode.c.objc; path = "NSString+Wrapper.m"; sourceTree = "<group>"; };
		97B4F3A31F7253F1006FF152 /* StringUtils.h */ = {isa = PBXFileReference; fileEncoding = 4; lastKnownFileType = sourcecode.c.h; path = StringUtils.h; sourceTree = "<group>"; };
		97B4F3A41F7253F1006FF152 /* StringUtils.m */ = {isa = PBXFileReference; fileEncoding = 4; lastKnownFileType = sourcecode.c.objc; path = StringUtils.m; sourceTree = "<group>"; };
		97B86DE01DCC926000BA7D9E /* mask.png */ = {isa = PBXFileReference; lastKnownFileType = image.png; path = mask.png; sourceTree = "<group>"; };
		97C8F14A1F0C773900A6360C /* GACameraBaseFilterModel.h */ = {isa = PBXFileReference; fileEncoding = 4; lastKnownFileType = sourcecode.c.h; path = GACameraBaseFilterModel.h; sourceTree = "<group>"; };
		97C8F14B1F0C773900A6360C /* GACameraBaseFilterModel.m */ = {isa = PBXFileReference; fileEncoding = 4; lastKnownFileType = sourcecode.c.objc; path = GACameraBaseFilterModel.m; sourceTree = "<group>"; };
		97C8F14D1F0C7E4200A6360C /* GAMaskInstance.h */ = {isa = PBXFileReference; fileEncoding = 4; lastKnownFileType = sourcecode.c.h; path = GAMaskInstance.h; sourceTree = "<group>"; };
		97C8F14E1F0C7E4200A6360C /* GAMaskInstance.m */ = {isa = PBXFileReference; fileEncoding = 4; lastKnownFileType = sourcecode.c.objc; path = GAMaskInstance.m; sourceTree = "<group>"; };
		97C8F1501F0C8F1E00A6360C /* GABlurView.h */ = {isa = PBXFileReference; fileEncoding = 4; lastKnownFileType = sourcecode.c.h; path = GABlurView.h; sourceTree = "<group>"; };
		97C8F1511F0C8F1E00A6360C /* GABlurView.m */ = {isa = PBXFileReference; fileEncoding = 4; lastKnownFileType = sourcecode.c.objc; path = GABlurView.m; sourceTree = "<group>"; };
		97C8F1531F0C935800A6360C /* GACustomerSlider.h */ = {isa = PBXFileReference; fileEncoding = 4; lastKnownFileType = sourcecode.c.h; path = GACustomerSlider.h; sourceTree = "<group>"; };
		97C8F1541F0C935800A6360C /* GACustomerSlider.m */ = {isa = PBXFileReference; fileEncoding = 4; lastKnownFileType = sourcecode.c.objc; path = GACustomerSlider.m; sourceTree = "<group>"; };
		97EAF3031F0B8911007A7D72 /* GAEffectView.h */ = {isa = PBXFileReference; fileEncoding = 4; lastKnownFileType = sourcecode.c.h; path = GAEffectView.h; sourceTree = "<group>"; };
		97EAF3041F0B8911007A7D72 /* GAEffectView.m */ = {isa = PBXFileReference; fileEncoding = 4; lastKnownFileType = sourcecode.c.objc; path = GAEffectView.m; sourceTree = "<group>"; };
		97EAF3061F0B8DF7007A7D72 /* nomal.jpg */ = {isa = PBXFileReference; lastKnownFileType = image.jpeg; path = nomal.jpg; sourceTree = "<group>"; };
		97EF0EDE1D951EF90025DCAF /* CIImage+DectorUtils.h */ = {isa = PBXFileReference; fileEncoding = 4; lastKnownFileType = sourcecode.c.h; path = "CIImage+DectorUtils.h"; sourceTree = "<group>"; };
		97EF0EDF1D951EF90025DCAF /* CIImage+DectorUtils.m */ = {isa = PBXFileReference; fileEncoding = 4; lastKnownFileType = sourcecode.c.objc; path = "CIImage+DectorUtils.m"; sourceTree = "<group>"; };
		97EF0EE01D951EF90025DCAF /* CIImage+ImageUtils.h */ = {isa = PBXFileReference; fileEncoding = 4; lastKnownFileType = sourcecode.c.h; path = "CIImage+ImageUtils.h"; sourceTree = "<group>"; };
		97EF0EE11D951EF90025DCAF /* CIImage+ImageUtils.m */ = {isa = PBXFileReference; fileEncoding = 4; lastKnownFileType = sourcecode.c.objc; path = "CIImage+ImageUtils.m"; sourceTree = "<group>"; };
		97EF0EE21D951EF90025DCAF /* UIImage+DectorUtils.h */ = {isa = PBXFileReference; fileEncoding = 4; lastKnownFileType = sourcecode.c.h; path = "UIImage+DectorUtils.h"; sourceTree = "<group>"; };
		97EF0EE31D951EF90025DCAF /* UIImage+DectorUtils.m */ = {isa = PBXFileReference; fileEncoding = 4; lastKnownFileType = sourcecode.c.objc; path = "UIImage+DectorUtils.m"; sourceTree = "<group>"; };
		97EF0EE41D951EF90025DCAF /* UIImage+ImageUtils.h */ = {isa = PBXFileReference; fileEncoding = 4; lastKnownFileType = sourcecode.c.h; path = "UIImage+ImageUtils.h"; sourceTree = "<group>"; };
		97EF0EE51D951EF90025DCAF /* UIImage+ImageUtils.m */ = {isa = PBXFileReference; fileEncoding = 4; lastKnownFileType = sourcecode.c.objc; path = "UIImage+ImageUtils.m"; sourceTree = "<group>"; };
		97F2BD451F6BC00600E461C7 /* GAGuessBlurFileterModel.h */ = {isa = PBXFileReference; fileEncoding = 4; lastKnownFileType = sourcecode.c.h; path = GAGuessBlurFileterModel.h; sourceTree = "<group>"; };
		97F2BD461F6BC00600E461C7 /* GAGuessBlurFileterModel.m */ = {isa = PBXFileReference; fileEncoding = 4; lastKnownFileType = sourcecode.c.objc; path = GAGuessBlurFileterModel.m; sourceTree = "<group>"; };
		97F2BD481F6CB74500E461C7 /* UIImage+Utils.h */ = {isa = PBXFileReference; fileEncoding = 4; lastKnownFileType = sourcecode.c.h; path = "UIImage+Utils.h"; sourceTree = "<group>"; };
		97F2BD491F6CB74500E461C7 /* UIImage+Utils.m */ = {isa = PBXFileReference; fileEncoding = 4; lastKnownFileType = sourcecode.c.objc; path = "UIImage+Utils.m"; sourceTree = "<group>"; };
		97F7307E1E7BDD6A006AF313 /* GPUImageBeautifyFilter.h */ = {isa = PBXFileReference; fileEncoding = 4; lastKnownFileType = sourcecode.c.h; path = GPUImageBeautifyFilter.h; sourceTree = "<group>"; };
		97F7307F1E7BDD6A006AF313 /* GPUImageBeautifyFilter.m */ = {isa = PBXFileReference; fileEncoding = 4; lastKnownFileType = sourcecode.c.objc; path = GPUImageBeautifyFilter.m; sourceTree = "<group>"; };
		97F730811E7BE65A006AF313 /* GAGPUCameraViewController.h */ = {isa = PBXFileReference; fileEncoding = 4; lastKnownFileType = sourcecode.c.h; path = GAGPUCameraViewController.h; sourceTree = "<group>"; };
		97F730821E7BE65A006AF313 /* GAGPUCameraViewController.m */ = {isa = PBXFileReference; fileEncoding = 4; lastKnownFileType = sourcecode.c.objc; path = GAGPUCameraViewController.m; sourceTree = "<group>"; };
		97F730841E7BEA62006AF313 /* cameraIcon@2x.png */ = {isa = PBXFileReference; lastKnownFileType = image.png; path = "cameraIcon@2x.png"; sourceTree = "<group>"; };
		97F730851E7BEA62006AF313 /* cameraIcon@3x.png */ = {isa = PBXFileReference; lastKnownFileType = image.png; path = "cameraIcon@3x.png"; sourceTree = "<group>"; };
		9DF779522251EA4F00ED0B69 /* GABaseViewController.h */ = {isa = PBXFileReference; lastKnownFileType = sourcecode.c.h; path = GABaseViewController.h; sourceTree = "<group>"; };
		9DF779532251EA4F00ED0B69 /* GABaseViewController.m */ = {isa = PBXFileReference; lastKnownFileType = sourcecode.c.objc; path = GABaseViewController.m; sourceTree = "<group>"; };
		9DF779552251EC4B00ED0B69 /* Honey.entitlements */ = {isa = PBXFileReference; lastKnownFileType = text.plist.entitlements; path = Honey.entitlements; sourceTree = "<group>"; };
		E6D2A3BE20823C56CFF3BDCD /* Pods-Honey.debug.xcconfig */ = {isa = PBXFileReference; includeInIndex = 1; lastKnownFileType = text.xcconfig; name = "Pods-Honey.debug.xcconfig"; path = "Pods/Target Support Files/Pods-Honey/Pods-Honey.debug.xcconfig"; sourceTree = "<group>"; };
		F9C2B81E78845719FC8DA0DB /* Pods-Honey.release.xcconfig */ = {isa = PBXFileReference; includeInIndex = 1; lastKnownFileType = text.xcconfig; name = "Pods-Honey.release.xcconfig"; path = "Pods/Target Support Files/Pods-Honey/Pods-Honey.release.xcconfig"; sourceTree = "<group>"; };
		FDA93554D2D77CDFA7C165A9 /* libPods-Honey.a */ = {isa = PBXFileReference; explicitFileType = archive.ar; includeInIndex = 0; path = "libPods-Honey.a"; sourceTree = BUILT_PRODUCTS_DIR; };
/* End PBXFileReference section */

/* Begin PBXFrameworksBuildPhase section */
		973EDFA71D93B49700DAA468 /* Frameworks */ = {
			isa = PBXFrameworksBuildPhase;
			buildActionMask = 2147483647;
			files = (
				977E31561DAB8A8000F923A1 /* CoreMedia.framework in Frameworks */,
				977E31541DAB8A7800F923A1 /* CoreVideo.framework in Frameworks */,
				977E31521DAB8A6A00F923A1 /* OpenGLES.framework in Frameworks */,
				977E31501DAB8A6100F923A1 /* AVFoundation.framework in Frameworks */,
				977E314E1DAB8A5B00F923A1 /* QuartzCore.framework in Frameworks */,
				C71EE70EE5F333CE28A22157 /* libPods-Honey.a in Frameworks */,
			);
			runOnlyForDeploymentPostprocessing = 0;
		};
/* End PBXFrameworksBuildPhase section */

/* Begin PBXGroup section */
		973EDFA11D93B49700DAA468 = {
			isa = PBXGroup;
			children = (
				973EDFAC1D93B49700DAA468 /* Honey */,
				973EDFAB1D93B49700DAA468 /* Products */,
				FFC08ECCA10FF4B1E0F9E36F /* Pods */,
				A701C2D84E5702E67D9F05B4 /* Frameworks */,
			);
			sourceTree = "<group>";
		};
		973EDFAB1D93B49700DAA468 /* Products */ = {
			isa = PBXGroup;
			children = (
				973EDFAA1D93B49700DAA468 /* Honey.app */,
			);
			name = Products;
			sourceTree = "<group>";
		};
		973EDFAC1D93B49700DAA468 /* Honey */ = {
			isa = PBXGroup;
			children = (
				9DF779552251EC4B00ED0B69 /* Honey.entitlements */,
				977BCDD31F2F7507007CBD97 /* Units */,
				97EF0EDD1D951EF90025DCAF /* Library */,
				973EDFCE1D93B84400DAA468 /* Config */,
				973EDFC71D93B75200DAA468 /* Controllers */,
				973EDFCA1D93B75200DAA468 /* Models */,
				973EDFCB1D93B75200DAA468 /* Sourses */,
				973EDFCC1D93B75200DAA468 /* Views */,
				973EDFAD1D93B49700DAA468 /* Supporting Files */,
			);
			path = Honey;
			sourceTree = "<group>";
		};
		973EDFAD1D93B49700DAA468 /* Supporting Files */ = {
			isa = PBXGroup;
			children = (
				973EDFB91D93B49700DAA468 /* Assets.xcassets */,
				973EDFB01D93B49700DAA468 /* AppDelegate.h */,
				973EDFB11D93B49700DAA468 /* AppDelegate.m */,
				973EDFBE1D93B49700DAA468 /* Info.plist */,
				973EDFAE1D93B49700DAA468 /* main.m */,
			);
			name = "Supporting Files";
			sourceTree = "<group>";
		};
		973EDFC71D93B75200DAA468 /* Controllers */ = {
			isa = PBXGroup;
			children = (
				9DF779512251EA3500ED0B69 /* BaseViewComtroller */,
				974646D71DC5DC30008679BA /* welcomeVC */,
				973EDFD01D93BF1500DAA468 /* Camera */,
				973EDFC81D93B75200DAA468 /* ViewController.h */,
				973EDFC91D93B75200DAA468 /* ViewController.m */,
			);
			path = Controllers;
			sourceTree = "<group>";
		};
		973EDFCA1D93B75200DAA468 /* Models */ = {
			isa = PBXGroup;
			children = (
				97C8F14D1F0C7E4200A6360C /* GAMaskInstance.h */,
				97C8F14E1F0C7E4200A6360C /* GAMaskInstance.m */,
			);
			path = Models;
			sourceTree = "<group>";
		};
		973EDFCB1D93B75200DAA468 /* Sourses */ = {
			isa = PBXGroup;
			children = (
				97B86DE01DCC926000BA7D9E /* mask.png */,
				97EAF3061F0B8DF7007A7D72 /* nomal.jpg */,
				97050EB51E82A28400B410AA /* test.jpg */,
			);
			path = Sourses;
			sourceTree = "<group>";
		};
		973EDFCC1D93B75200DAA468 /* Views */ = {
			isa = PBXGroup;
			children = (
				974646DB1DC5DCA0008679BA /* WelcomeView */,
			);
			path = Views;
			sourceTree = "<group>";
		};
		973EDFCE1D93B84400DAA468 /* Config */ = {
			isa = PBXGroup;
			children = (
				973EDFCF1D93B86000DAA468 /* PrefixHeader.pch */,
			);
			path = Config;
			sourceTree = "<group>";
		};
		973EDFD01D93BF1500DAA468 /* Camera */ = {
			isa = PBXGroup;
			children = (
				97C8F1491F0C771700A6360C /* Model */,
				97EAF3021F0B8802007A7D72 /* View */,
				973EDFD41D93C38500DAA468 /* Sourse */,
				973EDFD11D93C0EE00DAA468 /* GACameraViewController.h */,
				973EDFD21D93C0EE00DAA468 /* GACameraViewController.m */,
				977E31461DAB788400F923A1 /* GAPhotosHandleViewController.h */,
				977E31471DAB788400F923A1 /* GAPhotosHandleViewController.m */,
				97F730811E7BE65A006AF313 /* GAGPUCameraViewController.h */,
				97F730821E7BE65A006AF313 /* GAGPUCameraViewController.m */,
			);
			path = Camera;
			sourceTree = "<group>";
		};
		973EDFD41D93C38500DAA468 /* Sourse */ = {
			isa = PBXGroup;
			children = (
				977E31491DAB79C400F923A1 /* love.jpg */,
				973EDFDD1D93CFFA00DAA468 /* camera_nomal@2x.png */,
				973EDFDE1D93CFFA00DAA468 /* camera_nomal@3x.png */,
				973EDFD51D93C5DE00DAA468 /* flashlight@2x.png */,
				973EDFD61D93C5DE00DAA468 /* flashlight@3x.png */,
				973EDFD71D93C5DE00DAA468 /* whiteback@2x.png */,
				973EDFD81D93C5DE00DAA468 /* whiteback@3x.png */,
				97F730841E7BEA62006AF313 /* cameraIcon@2x.png */,
				97F730851E7BEA62006AF313 /* cameraIcon@3x.png */,
			);
			path = Sourse;
			sourceTree = "<group>";
		};
		974646D71DC5DC30008679BA /* welcomeVC */ = {
			isa = PBXGroup;
			children = (
				974646DF1DC5DE45008679BA /* Sourse */,
				974646D81DC5DC60008679BA /* GAWelcomeViewController.h */,
				974646D91DC5DC60008679BA /* GAWelcomeViewController.m */,
			);
			path = welcomeVC;
			sourceTree = "<group>";
		};
		974646DB1DC5DCA0008679BA /* WelcomeView */ = {
			isa = PBXGroup;
			children = (
				976CE3C91E1203C000D4E203 /* Sources */,
				974646DC1DC5DCB9008679BA /* GAWelcome.h */,
				974646DD1DC5DCB9008679BA /* GAWelcome.m */,
			);
			path = WelcomeView;
			sourceTree = "<group>";
		};
		974646DF1DC5DE45008679BA /* Sourse */ = {
			isa = PBXGroup;
			children = (
				974646E01DC5DE45008679BA /* snow.png */,
			);
			path = Sourse;
			sourceTree = "<group>";
		};
		976CE3C91E1203C000D4E203 /* Sources */ = {
			isa = PBXGroup;
			children = (
				976CE3CC1E12103100D4E203 /* spring.jpg */,
				976CE3CD1E12103100D4E203 /* summer.jpg */,
				976CE3CE1E12103100D4E203 /* autumn.jpg */,
				976CE3CA1E1203C000D4E203 /* snowbg.jpg */,
			);
			path = Sources;
			sourceTree = "<group>";
		};
		977BCDD31F2F7507007CBD97 /* Units */ = {
			isa = PBXGroup;
			children = (
				977BCDD41F2F7528007CBD97 /* UIView+GAView.h */,
				977BCDD51F2F7528007CBD97 /* UIView+GAView.m */,
				97B4F39E1F725393006FF152 /* CustomAlertView.h */,
				97B4F39F1F725393006FF152 /* CustomAlertView.m */,
				97B4F3A11F7253F1006FF152 /* NSString+Wrapper.h */,
				97B4F3A21F7253F1006FF152 /* NSString+Wrapper.m */,
				97B4F3A31F7253F1006FF152 /* StringUtils.h */,
				97B4F3A41F7253F1006FF152 /* StringUtils.m */,
			);
			path = Units;
			sourceTree = "<group>";
		};
		97C8F1491F0C771700A6360C /* Model */ = {
			isa = PBXGroup;
			children = (
				97C8F14A1F0C773900A6360C /* GACameraBaseFilterModel.h */,
				97C8F14B1F0C773900A6360C /* GACameraBaseFilterModel.m */,
				97F2BD451F6BC00600E461C7 /* GAGuessBlurFileterModel.h */,
				97F2BD461F6BC00600E461C7 /* GAGuessBlurFileterModel.m */,
				975B0A6C1F7D41150081775C /* GABoxBlurFilterModel.h */,
				975B0A6D1F7D41150081775C /* GABoxBlurFilterModel.m */,
				975B0A6F1F7D418B0081775C /* GAMotionBlurFileterModel.h */,
				975B0A701F7D418B0081775C /* GAMotionBlurFileterModel.m */,
				975B0A691F7D3CB00081775C /* GAImageFilterHandle.h */,
				975B0A6A1F7D3CB00081775C /* GAImageFilterHandle.m */,
				975B0A721F7D42050081775C /* FilerNameUntil.h */,
			);
			path = Model;
			sourceTree = "<group>";
		};
		97EAF3021F0B8802007A7D72 /* View */ = {
			isa = PBXGroup;
			children = (
				97EAF3031F0B8911007A7D72 /* GAEffectView.h */,
				97EAF3041F0B8911007A7D72 /* GAEffectView.m */,
				97C8F1501F0C8F1E00A6360C /* GABlurView.h */,
				97C8F1511F0C8F1E00A6360C /* GABlurView.m */,
				977BCDD71F2F768D007CBD97 /* GAClectionView.h */,
				977BCDD81F2F768D007CBD97 /* GAClectionView.m */,
				97B4F39B1F70A292006FF152 /* GAImageEditView.h */,
				97B4F39C1F70A292006FF152 /* GAImageEditView.m */,
			);
			path = View;
			sourceTree = "<group>";
		};
		97EF0EDD1D951EF90025DCAF /* Library */ = {
			isa = PBXGroup;
			children = (
				97EF0EDE1D951EF90025DCAF /* CIImage+DectorUtils.h */,
				97EF0EDF1D951EF90025DCAF /* CIImage+DectorUtils.m */,
				97EF0EE01D951EF90025DCAF /* CIImage+ImageUtils.h */,
				97EF0EE11D951EF90025DCAF /* CIImage+ImageUtils.m */,
				97EF0EE21D951EF90025DCAF /* UIImage+DectorUtils.h */,
				97EF0EE31D951EF90025DCAF /* UIImage+DectorUtils.m */,
				97EF0EE41D951EF90025DCAF /* UIImage+ImageUtils.h */,
				97EF0EE51D951EF90025DCAF /* UIImage+ImageUtils.m */,
				97A45A741DA7E83000DBED11 /* UIImage+GALibrary.h */,
				97A45A751DA7E83000DBED11 /* UIImage+GALibrary.m */,
				97F7307E1E7BDD6A006AF313 /* GPUImageBeautifyFilter.h */,
				97F7307F1E7BDD6A006AF313 /* GPUImageBeautifyFilter.m */,
				97C8F1531F0C935800A6360C /* GACustomerSlider.h */,
				97C8F1541F0C935800A6360C /* GACustomerSlider.m */,
				97F2BD481F6CB74500E461C7 /* UIImage+Utils.h */,
				97F2BD491F6CB74500E461C7 /* UIImage+Utils.m */,
			);
			path = Library;
			sourceTree = "<group>";
		};
		9DF779512251EA3500ED0B69 /* BaseViewComtroller */ = {
			isa = PBXGroup;
			children = (
				9DF779522251EA4F00ED0B69 /* GABaseViewController.h */,
				9DF779532251EA4F00ED0B69 /* GABaseViewController.m */,
			);
			path = BaseViewComtroller;
			sourceTree = "<group>";
		};
		A701C2D84E5702E67D9F05B4 /* Frameworks */ = {
			isa = PBXGroup;
			children = (
				977E31551DAB8A8000F923A1 /* CoreMedia.framework */,
				977E31531DAB8A7800F923A1 /* CoreVideo.framework */,
				977E31511DAB8A6A00F923A1 /* OpenGLES.framework */,
				977E314F1DAB8A6100F923A1 /* AVFoundation.framework */,
				977E314D1DAB8A5B00F923A1 /* QuartzCore.framework */,
				FDA93554D2D77CDFA7C165A9 /* libPods-Honey.a */,
			);
			name = Frameworks;
			sourceTree = "<group>";
		};
		FFC08ECCA10FF4B1E0F9E36F /* Pods */ = {
			isa = PBXGroup;
			children = (
				E6D2A3BE20823C56CFF3BDCD /* Pods-Honey.debug.xcconfig */,
				F9C2B81E78845719FC8DA0DB /* Pods-Honey.release.xcconfig */,
			);
			name = Pods;
			sourceTree = "<group>";
		};
/* End PBXGroup section */

/* Begin PBXNativeTarget section */
		973EDFA91D93B49700DAA468 /* Honey */ = {
			isa = PBXNativeTarget;
			buildConfigurationList = 973EDFC11D93B49700DAA468 /* Build configuration list for PBXNativeTarget "Honey" */;
			buildPhases = (
				28CAE8336858595FBFC45DE6 /* [CP] Check Pods Manifest.lock */,
				A597DC3EA1B6818F1947F731 /* Check Pods Manifest.lock */,
				973EDFA61D93B49700DAA468 /* Sources */,
				973EDFA71D93B49700DAA468 /* Frameworks */,
				973EDFA81D93B49700DAA468 /* Resources */,
				AD13FC652C060A5B8E1DE58F /* Copy Pods Resources */,
				EFBFBA79EA3C5B446264048F /* [CP] Copy Pods Resources */,
			);
			buildRules = (
			);
			dependencies = (
			);
			name = Honey;
			productName = Honey;
			productReference = 973EDFAA1D93B49700DAA468 /* Honey.app */;
			productType = "com.apple.product-type.application";
		};
/* End PBXNativeTarget section */

/* Begin PBXProject section */
		973EDFA21D93B49700DAA468 /* Project object */ = {
			isa = PBXProject;
			attributes = {
				CLASSPREFIX = GA;
				LastUpgradeCheck = 0730;
				ORGANIZATIONNAME = GaoF;
				TargetAttributes = {
					973EDFA91D93B49700DAA468 = {
						CreatedOnToolsVersion = 7.3;
						DevelopmentTeam = ZC9P3YJ2F3;
						ProvisioningStyle = Manual;
						SystemCapabilities = {
							com.apple.Push = {
								enabled = 1;
							};
						};
					};
				};
			};
			buildConfigurationList = 973EDFA51D93B49700DAA468 /* Build configuration list for PBXProject "Honey" */;
			compatibilityVersion = "Xcode 3.2";
			developmentRegion = English;
			hasScannedForEncodings = 0;
			knownRegions = (
				en,
				Base,
			);
			mainGroup = 973EDFA11D93B49700DAA468;
			productRefGroup = 973EDFAB1D93B49700DAA468 /* Products */;
			projectDirPath = "";
			projectRoot = "";
			targets = (
				973EDFA91D93B49700DAA468 /* Honey */,
			);
		};
/* End PBXProject section */

/* Begin PBXResourcesBuildPhase section */
		973EDFA81D93B49700DAA468 /* Resources */ = {
			isa = PBXResourcesBuildPhase;
			buildActionMask = 2147483647;
			files = (
				976CE3D01E12103100D4E203 /* summer.jpg in Resources */,
				97F730871E7BEA62006AF313 /* cameraIcon@3x.png in Resources */,
				973EDFD91D93C5DE00DAA468 /* flashlight@2x.png in Resources */,
				97B86DE11DCC926000BA7D9E /* mask.png in Resources */,
				973EDFDF1D93CFFA00DAA468 /* camera_nomal@2x.png in Resources */,
				974646E11DC5DE45008679BA /* snow.png in Resources */,
				973EDFE01D93CFFA00DAA468 /* camera_nomal@3x.png in Resources */,
				973EDFDA1D93C5DE00DAA468 /* flashlight@3x.png in Resources */,
				97050EB61E82A28400B410AA /* test.jpg in Resources */,
				97EAF3071F0B8DF7007A7D72 /* nomal.jpg in Resources */,
				976CE3D11E12103100D4E203 /* autumn.jpg in Resources */,
				973EDFDC1D93C5DE00DAA468 /* whiteback@3x.png in Resources */,
				976CE3CF1E12103100D4E203 /* spring.jpg in Resources */,
				973EDFBA1D93B49700DAA468 /* Assets.xcassets in Resources */,
				97F730861E7BEA62006AF313 /* cameraIcon@2x.png in Resources */,
				976CE3CB1E1203C000D4E203 /* snowbg.jpg in Resources */,
				973EDFDB1D93C5DE00DAA468 /* whiteback@2x.png in Resources */,
			);
			runOnlyForDeploymentPostprocessing = 0;
		};
/* End PBXResourcesBuildPhase section */

/* Begin PBXShellScriptBuildPhase section */
		28CAE8336858595FBFC45DE6 /* [CP] Check Pods Manifest.lock */ = {
			isa = PBXShellScriptBuildPhase;
			buildActionMask = 2147483647;
			files = (
			);
			inputFileListPaths = (
			);
			inputPaths = (
				"${PODS_PODFILE_DIR_PATH}/Podfile.lock",
				"${PODS_ROOT}/Manifest.lock",
			);
			name = "[CP] Check Pods Manifest.lock";
			outputFileListPaths = (
			);
			outputPaths = (
				"$(DERIVED_FILE_DIR)/Pods-Honey-checkManifestLockResult.txt",
			);
			runOnlyForDeploymentPostprocessing = 0;
			shellPath = /bin/sh;
			shellScript = "diff \"${PODS_PODFILE_DIR_PATH}/Podfile.lock\" \"${PODS_ROOT}/Manifest.lock\" > /dev/null\nif [ $? != 0 ] ; then\n    # print error to STDERR\n    echo \"error: The sandbox is not in sync with the Podfile.lock. Run 'pod install' or update your CocoaPods installation.\" >&2\n    exit 1\nfi\n# This output is used by Xcode 'outputs' to avoid re-running this script phase.\necho \"SUCCESS\" > \"${SCRIPT_OUTPUT_FILE_0}\"\n";
			showEnvVarsInLog = 0;
		};
		A597DC3EA1B6818F1947F731 /* Check Pods Manifest.lock */ = {
			isa = PBXShellScriptBuildPhase;
			buildActionMask = 2147483647;
			files = (
			);
			inputPaths = (
			);
			name = "Check Pods Manifest.lock";
			outputPaths = (
			);
			runOnlyForDeploymentPostprocessing = 0;
			shellPath = /bin/sh;
			shellScript = "diff \"${PODS_ROOT}/../Podfile.lock\" \"${PODS_ROOT}/Manifest.lock\" > /dev/null\nif [[ $? != 0 ]] ; then\n    cat << EOM\nerror: The sandbox is not in sync with the Podfile.lock. Run 'pod install' or update your CocoaPods installation.\nEOM\n    exit 1\nfi\n";
			showEnvVarsInLog = 0;
		};
		AD13FC652C060A5B8E1DE58F /* Copy Pods Resources */ = {
			isa = PBXShellScriptBuildPhase;
			buildActionMask = 2147483647;
			files = (
			);
			inputPaths = (
			);
			name = "Copy Pods Resources";
			outputPaths = (
			);
			runOnlyForDeploymentPostprocessing = 0;
			shellPath = /bin/sh;
			shellScript = "
";
			showEnvVarsInLog = 0;
		};
		EFBFBA79EA3C5B446264048F /* [CP] Copy Pods Resources */ = {
			isa = PBXShellScriptBuildPhase;
			buildActionMask = 2147483647;
			files = (
			);
			inputFileListPaths = (
			);
			inputPaths = (
				"${SRCROOT}/Pods/Target Support Files/Pods-Honey/Pods-Honey-resources.sh",
				"${PODS_ROOT}/GPUImage/framework/Resources/lookup.png",
				"${PODS_ROOT}/GPUImage/framework/Resources/lookup_amatorka.png",
				"${PODS_ROOT}/GPUImage/framework/Resources/lookup_miss_etikate.png",
				"${PODS_ROOT}/GPUImage/framework/Resources/lookup_soft_elegance_1.png",
				"${PODS_ROOT}/GPUImage/framework/Resources/lookup_soft_elegance_2.png",
			);
			name = "[CP] Copy Pods Resources";
			outputFileListPaths = (
			);
			outputPaths = (
				"${TARGET_BUILD_DIR}/${UNLOCALIZED_RESOURCES_FOLDER_PATH}/lookup.png",
				"${TARGET_BUILD_DIR}/${UNLOCALIZED_RESOURCES_FOLDER_PATH}/lookup_amatorka.png",
				"${TARGET_BUILD_DIR}/${UNLOCALIZED_RESOURCES_FOLDER_PATH}/lookup_miss_etikate.png",
				"${TARGET_BUILD_DIR}/${UNLOCALIZED_RESOURCES_FOLDER_PATH}/lookup_soft_elegance_1.png",
				"${TARGET_BUILD_DIR}/${UNLOCALIZED_RESOURCES_FOLDER_PATH}/lookup_soft_elegance_2.png",
			);
			runOnlyForDeploymentPostprocessing = 0;
			shellPath = /bin/sh;
			shellScript = "\"${SRCROOT}/Pods/Target Support Files/Pods-Honey/Pods-Honey-resources.sh\"\n";
			showEnvVarsInLog = 0;
		};
/* End PBXShellScriptBuildPhase section */

/* Begin PBXSourcesBuildPhase section */
		973EDFA61D93B49700DAA468 /* Sources */ = {
			isa = PBXSourcesBuildPhase;
			buildActionMask = 2147483647;
			files = (
				97F2BD471F6BC00600E461C7 /* GAGuessBlurFileterModel.m in Sources */,
				97B4F3A61F7253F1006FF152 /* StringUtils.m in Sources */,
				97F2BD4A1F6CB74500E461C7 /* UIImage+Utils.m in Sources */,
				97F730801E7BDD6A006AF313 /* GPUImageBeautifyFilter.m in Sources */,
				97B4F3A01F725393006FF152 /* CustomAlertView.m in Sources */,
				97C8F1551F0C935800A6360C /* GACustomerSlider.m in Sources */,
				97A45A761DA7E83100DBED11 /* UIImage+GALibrary.m in Sources */,
				97EF0EE81D951EF90025DCAF /* UIImage+DectorUtils.m in Sources */,
				977BCDD91F2F768D007CBD97 /* GAClectionView.m in Sources */,
				975B0A6E1F7D41150081775C /* GABoxBlurFilterModel.m in Sources */,
				97C8F1521F0C8F1E00A6360C /* GABlurView.m in Sources */,
				977BCDD61F2F7528007CBD97 /* UIView+GAView.m in Sources */,
				974646DE1DC5DCB9008679BA /* GAWelcome.m in Sources */,
				97B4F3A51F7253F1006FF152 /* NSString+Wrapper.m in Sources */,
				973EDFCD1D93B75200DAA468 /* ViewController.m in Sources */,
				977E31481DAB788400F923A1 /* GAPhotosHandleViewController.m in Sources */,
				975B0A711F7D418B0081775C /* GAMotionBlurFileterModel.m in Sources */,
				974646DA1DC5DC60008679BA /* GAWelcomeViewController.m in Sources */,
				97EF0EE71D951EF90025DCAF /* CIImage+ImageUtils.m in Sources */,
				975B0A6B1F7D3CB00081775C /* GAImageFilterHandle.m in Sources */,
				97C8F14C1F0C773900A6360C /* GACameraBaseFilterModel.m in Sources */,
				973EDFB21D93B49700DAA468 /* AppDelegate.m in Sources */,
				97B4F39D1F70A292006FF152 /* GAImageEditView.m in Sources */,
				973EDFAF1D93B49700DAA468 /* main.m in Sources */,
				97F730831E7BE65A006AF313 /* GAGPUCameraViewController.m in Sources */,
				97EAF3051F0B8911007A7D72 /* GAEffectView.m in Sources */,
				97EF0EE61D951EF90025DCAF /* CIImage+DectorUtils.m in Sources */,
				9DF779542251EA4F00ED0B69 /* GABaseViewController.m in Sources */,
				973EDFD31D93C0EE00DAA468 /* GACameraViewController.m in Sources */,
				97EF0EE91D951EF90025DCAF /* UIImage+ImageUtils.m in Sources */,
				97C8F14F1F0C7E4200A6360C /* GAMaskInstance.m in Sources */,
			);
			runOnlyForDeploymentPostprocessing = 0;
		};
/* End PBXSourcesBuildPhase section */

/* Begin XCBuildConfiguration section */
		973EDFBF1D93B49700DAA468 /* Debug */ = {
			isa = XCBuildConfiguration;
			buildSettings = {
				ALWAYS_SEARCH_USER_PATHS = NO;
				CLANG_ANALYZER_NONNULL = YES;
				CLANG_CXX_LANGUAGE_STANDARD = "gnu++0x";
				CLANG_CXX_LIBRARY = "libc++";
				CLANG_ENABLE_MODULES = YES;
				CLANG_ENABLE_OBJC_ARC = YES;
				CLANG_WARN_BOOL_CONVERSION = YES;
				CLANG_WARN_CONSTANT_CONVERSION = YES;
				CLANG_WARN_DIRECT_OBJC_ISA_USAGE = YES_ERROR;
				CLANG_WARN_EMPTY_BODY = YES;
				CLANG_WARN_ENUM_CONVERSION = YES;
				CLANG_WARN_INT_CONVERSION = YES;
				CLANG_WARN_OBJC_ROOT_CLASS = YES_ERROR;
				CLANG_WARN_UNREACHABLE_CODE = YES;
				CLANG_WARN__DUPLICATE_METHOD_MATCH = YES;
				"CODE_SIGN_IDENTITY[sdk=iphoneos*]" = "iPhone Developer";
				COPY_PHASE_STRIP = NO;
				DEBUG_INFORMATION_FORMAT = dwarf;
				ENABLE_STRICT_OBJC_MSGSEND = YES;
				ENABLE_TESTABILITY = YES;
				GCC_C_LANGUAGE_STANDARD = gnu99;
				GCC_DYNAMIC_NO_PIC = NO;
				GCC_NO_COMMON_BLOCKS = YES;
				GCC_OPTIMIZATION_LEVEL = 0;
				GCC_PREPROCESSOR_DEFINITIONS = (
					"DEBUG=1",
					"$(inherited)",
				);
				GCC_WARN_64_TO_32_BIT_CONVERSION = YES;
				GCC_WARN_ABOUT_RETURN_TYPE = YES_ERROR;
				GCC_WARN_UNDECLARED_SELECTOR = YES;
				GCC_WARN_UNINITIALIZED_AUTOS = YES_AGGRESSIVE;
				GCC_WARN_UNUSED_FUNCTION = YES;
				GCC_WARN_UNUSED_VARIABLE = YES;
				IPHONEOS_DEPLOYMENT_TARGET = 8.0;
				MTL_ENABLE_DEBUG_INFO = YES;
				ONLY_ACTIVE_ARCH = YES;
				SDKROOT = iphoneos;
			};
			name = Debug;
		};
		973EDFC01D93B49700DAA468 /* Release */ = {
			isa = XCBuildConfiguration;
			buildSettings = {
				ALWAYS_SEARCH_USER_PATHS = NO;
				CLANG_ANALYZER_NONNULL = YES;
				CLANG_CXX_LANGUAGE_STANDARD = "gnu++0x";
				CLANG_CXX_LIBRARY = "libc++";
				CLANG_ENABLE_MODULES = YES;
				CLANG_ENABLE_OBJC_ARC = YES;
				CLANG_WARN_BOOL_CONVERSION = YES;
				CLANG_WARN_CONSTANT_CONVERSION = YES;
				CLANG_WARN_DIRECT_OBJC_ISA_USAGE = YES_ERROR;
				CLANG_WARN_EMPTY_BODY = YES;
				CLANG_WARN_ENUM_CONVERSION = YES;
				CLANG_WARN_INT_CONVERSION = YES;
				CLANG_WARN_OBJC_ROOT_CLASS = YES_ERROR;
				CLANG_WARN_UNREACHABLE_CODE = YES;
				CLANG_WARN__DUPLICATE_METHOD_MATCH = YES;
				"CODE_SIGN_IDENTITY[sdk=iphoneos*]" = "iPhone Developer";
				COPY_PHASE_STRIP = NO;
				DEBUG_INFORMATION_FORMAT = "dwarf-with-dsym";
				ENABLE_NS_ASSERTIONS = NO;
				ENABLE_STRICT_OBJC_MSGSEND = YES;
				GCC_C_LANGUAGE_STANDARD = gnu99;
				GCC_NO_COMMON_BLOCKS = YES;
				GCC_WARN_64_TO_32_BIT_CONVERSION = YES;
				GCC_WARN_ABOUT_RETURN_TYPE = YES_ERROR;
				GCC_WARN_UNDECLARED_SELECTOR = YES;
				GCC_WARN_UNINITIALIZED_AUTOS = YES_AGGRESSIVE;
				GCC_WARN_UNUSED_FUNCTION = YES;
				GCC_WARN_UNUSED_VARIABLE = YES;
				IPHONEOS_DEPLOYMENT_TARGET = 8.0;
				MTL_ENABLE_DEBUG_INFO = NO;
				SDKROOT = iphoneos;
				VALIDATE_PRODUCT = YES;
			};
			name = Release;
		};
		973EDFC21D93B49700DAA468 /* Debug */ = {
			isa = XCBuildConfiguration;
			baseConfigurationReference = E6D2A3BE20823C56CFF3BDCD /* Pods-Honey.debug.xcconfig */;
			buildSettings = {
				CODE_SIGN_ENTITLEMENTS = Honey/Honey.entitlements;
				CODE_SIGN_IDENTITY = "iPhone Developer";
				"CODE_SIGN_IDENTITY[sdk=iphoneos*]" = "iPhone Developer";
				CODE_SIGN_STYLE = Manual;
				DEVELOPMENT_TEAM = ZC9P3YJ2F3;
				GCC_PREFIX_HEADER = "${SRCROOT}/Honey/Config/PrefixHeader.pch";
				INFOPLIST_FILE = Honey/Info.plist;
				IPHONEOS_DEPLOYMENT_TARGET = 10.0;
				LD_RUNPATH_SEARCH_PATHS = "$(inherited) @executable_path/Frameworks";
				LIBRARY_SEARCH_PATHS = "$(inherited)";
				ONLY_ACTIVE_ARCH = YES;
				OTHER_LDFLAGS = (
					"-ObjC",
					"$(inherited)",
				);
				PRODUCT_BUNDLE_IDENTIFIER = com.GaoF.NewBee;
				PRODUCT_NAME = "$(TARGET_NAME)";
				PROVISIONING_PROFILE = "";
				PROVISIONING_PROFILE_SPECIFIER = takeawayhocqa_dev;
				VALID_ARCHS = "arm64 armv7 armv7s";
			};
			name = Debug;
		};
		973EDFC31D93B49700DAA468 /* Release */ = {
			isa = XCBuildConfiguration;
			baseConfigurationReference = F9C2B81E78845719FC8DA0DB /* Pods-Honey.release.xcconfig */;
			buildSettings = {
				CODE_SIGN_ENTITLEMENTS = Honey/Honey.entitlements;
				CODE_SIGN_IDENTITY = "iPhone Distribution";
				"CODE_SIGN_IDENTITY[sdk=iphoneos*]" = "iPhone Developer";
				CODE_SIGN_STYLE = Manual;
				DEVELOPMENT_TEAM = ZC9P3YJ2F3;
				GCC_PREFIX_HEADER = "${SRCROOT}/Honey/Config/PrefixHeader.pch";
				INFOPLIST_FILE = Honey/Info.plist;
				IPHONEOS_DEPLOYMENT_TARGET = 10.0;
				LD_RUNPATH_SEARCH_PATHS = "$(inherited) @executable_path/Frameworks";
				LIBRARY_SEARCH_PATHS = "$(inherited)";
				ONLY_ACTIVE_ARCH = NO;
				OTHER_LDFLAGS = (
					"-ObjC",
					"$(inherited)",
				);
				PRODUCT_BUNDLE_IDENTIFIER = com.GaoF.NewBee;
				PRODUCT_NAME = "$(TARGET_NAME)";
				PROVISIONING_PROFILE = "";
				PROVISIONING_PROFILE_SPECIFIER = takeawayhocqa_dev;
				VALID_ARCHS = "arm64 armv7 armv7s";
			};
			name = Release;
		};
/* End XCBuildConfiguration section */

/* Begin XCConfigurationList section */
		973EDFA51D93B49700DAA468 /* Build configuration list for PBXProject "Honey" */ = {
			isa = XCConfigurationList;
			buildConfigurations = (
				973EDFBF1D93B49700DAA468 /* Debug */,
				973EDFC01D93B49700DAA468 /* Release */,
			);
			defaultConfigurationIsVisible = 0;
			defaultConfigurationName = Release;
		};
		973EDFC11D93B49700DAA468 /* Build configuration list for PBXNativeTarget "Honey" */ = {
			isa = XCConfigurationList;
			buildConfigurations = (
				973EDFC21D93B49700DAA468 /* Debug */,
				973EDFC31D93B49700DAA468 /* Release */,
			);
			defaultConfigurationIsVisible = 0;
			defaultConfigurationName = Release;
		};
/* End XCConfigurationList section */
	};
	rootObject = 973EDFA21D93B49700DAA468 /* Project object */;
}
